version: 6
environments:
  default:
    channels:
    - url: https://conda.anaconda.org/conda-forge/
    - url: https://conda.anaconda.org/bioconda/
    packages:
      osx-64:
      - conda: https://conda.anaconda.org/bioconda/osx-64/bedtools-2.31.1-hbb299f0_3.tar.bz2
      - conda: https://conda.anaconda.org/conda-forge/osx-64/biopython-1.85-py312h01d7ebd_1.conda
      - conda: https://conda.anaconda.org/conda-forge/osx-64/bzip2-1.0.8-hfdf4475_7.conda
      - conda: https://conda.anaconda.org/conda-forge/noarch/ca-certificates-2025.8.3-hbd8a1cb_0.conda
      - conda: https://conda.anaconda.org/bioconda/osx-64/homer-4.10-pl526h770b8ee_0.tar.bz2
      - conda: https://conda.anaconda.org/conda-forge/osx-64/libblas-3.9.0-34_h7f60823_openblas.conda
      - conda: https://conda.anaconda.org/conda-forge/osx-64/libcblas-3.9.0-34_hff6cab4_openblas.conda
      - conda: https://conda.anaconda.org/conda-forge/osx-64/libcxx-20.1.8-h3d58e20_1.conda
      - conda: https://conda.anaconda.org/conda-forge/osx-64/libexpat-2.7.1-h21dd04a_0.conda
      - conda: https://conda.anaconda.org/conda-forge/osx-64/libffi-3.4.6-h281671d_1.conda
      - conda: https://conda.anaconda.org/conda-forge/osx-64/libgfortran-15.1.0-h5f6db21_0.conda
      - conda: https://conda.anaconda.org/conda-forge/osx-64/libgfortran5-15.1.0-hfa3c126_0.conda
      - conda: https://conda.anaconda.org/conda-forge/osx-64/liblapack-3.9.0-34_h236ab99_openblas.conda
      - conda: https://conda.anaconda.org/conda-forge/osx-64/liblzma-5.8.1-hd471939_2.conda
      - conda: https://conda.anaconda.org/conda-forge/osx-64/libopenblas-0.3.30-openmp_h83c2472_1.conda
      - conda: https://conda.anaconda.org/conda-forge/osx-64/libsqlite-3.50.4-h39a8b3b_0.conda
      - conda: https://conda.anaconda.org/conda-forge/osx-64/libzlib-1.3.1-hd23fc13_2.conda
      - conda: https://conda.anaconda.org/conda-forge/osx-64/llvm-openmp-20.1.8-hf4e0ed4_1.conda
      - conda: https://conda.anaconda.org/conda-forge/osx-64/ncurses-6.5-h0622a9a_3.conda
      - conda: https://conda.anaconda.org/conda-forge/osx-64/numpy-2.3.2-py312hda18a35_0.conda
      - conda: https://conda.anaconda.org/conda-forge/osx-64/openssl-3.5.2-h6e31bce_0.conda
      - conda: https://conda.anaconda.org/conda-forge/osx-64/perl-5.26.2-hbcb3906_1008.tar.bz2
      - conda: https://conda.anaconda.org/bioconda/noarch/pyjaspar-3.0.0-pyhdfd78af_0.tar.bz2
      - conda: https://conda.anaconda.org/conda-forge/osx-64/python-3.12.11-h9ccd52b_0_cpython.conda
      - conda: https://conda.anaconda.org/conda-forge/noarch/python_abi-3.12-8_cp312.conda
      - conda: https://conda.anaconda.org/conda-forge/osx-64/readline-8.2-h7cca4af_2.conda
      - conda: https://conda.anaconda.org/conda-forge/osx-64/tk-8.6.13-hf689a15_2.conda
      - conda: https://conda.anaconda.org/conda-forge/noarch/tzdata-2025b-h78e105d_0.conda
packages:
- conda: https://conda.anaconda.org/bioconda/osx-64/bedtools-2.31.1-hbb299f0_3.tar.bz2
  sha256: 2e121af16a83ffd673075a629544e6d6e810901a6a3ee2233e6c7f70f1c0691f
  md5: 14117a0fac7ea77047ccb2d396e05d16
  depends:
  - bzip2 >=1.0.8,<2.0a0
  - libcxx >=18
  - liblzma >=5.6.3,<6.0a0
  - libzlib >=1.3.1,<2.0a0
  license: MIT
  size: 783078
  timestamp: 1733985003853
- conda: https://conda.anaconda.org/conda-forge/osx-64/biopython-1.85-py312h01d7ebd_1.conda
  sha256: 7e9cc9e7ae68a7a1d4e89901c454b8f9152fee02263e4f46a0e351840a268834
  md5: aa9e5684dcb5fec23ce67b45f9a3730e
  depends:
  - __osx >=10.13
  - numpy
  - python >=3.12,<3.13.0a0
  - python_abi 3.12.* *_cp312
  license: LicenseRef-Biopython
  size: 3466765
  timestamp: 1737241911497
- conda: https://conda.anaconda.org/conda-forge/osx-64/bzip2-1.0.8-hfdf4475_7.conda
  sha256: cad153608b81fb24fc8c509357daa9ae4e49dfc535b2cb49b91e23dbd68fc3c5
  md5: 7ed4301d437b59045be7e051a0308211
  depends:
  - __osx >=10.13
  license: bzip2-1.0.6
  license_family: BSD
  size: 134188
  timestamp: 1720974491916
- conda: https://conda.anaconda.org/conda-forge/noarch/ca-certificates-2025.8.3-hbd8a1cb_0.conda
  sha256: 837b795a2bb39b75694ba910c13c15fa4998d4bb2a622c214a6a5174b2ae53d1
  md5: 74784ee3d225fc3dca89edb635b4e5cc
  depends:
  - __unix
  license: ISC
  size: 154402
  timestamp: 1754210968730
- conda: https://conda.anaconda.org/bioconda/osx-64/homer-4.10-pl526h770b8ee_0.tar.bz2
  sha256: 7753a03d9de5e14a2ee1ffc5a7ee2a96376b265b9e0b8d3be073271c5bb775e4
  md5: 1b7a855f7d134e44d67ab70fda26cfdc
  depends:
  - libcxx >=4.0.1
  - perl >=5.26.2,<5.26.3.0a0
  license: GNU General Public v3 (GPLv3)
  license_family: GPL3
  size: 29074939
  timestamp: 1567109439785
- conda: https://conda.anaconda.org/conda-forge/osx-64/libblas-3.9.0-34_h7f60823_openblas.conda
  build_number: 34
  sha256: ea5d0341df78f7f2d6fe3a03a9b7327958d9e21b4f2d13ef0eddadc335999232
  md5: 3f29ba70f912e56d4be6b55bc213a082
  depends:
  - libopenblas >=0.3.30,<0.3.31.0a0
  - libopenblas >=0.3.30,<1.0a0
  constrains:
  - liblapacke 3.9.0   34*_openblas
  - mkl <2025
  - libcblas   3.9.0   34*_openblas
  - liblapack  3.9.0   34*_openblas
  - blas 2.134   openblas
  license: BSD-3-Clause
  license_family: BSD
  size: 19537
  timestamp: 1754678644797
- conda: https://conda.anaconda.org/conda-forge/osx-64/libcblas-3.9.0-34_hff6cab4_openblas.conda
  build_number: 34
  sha256: 393e24b890009d4d4ace5531d39adfd9be3b97040653f6febbb74311dad84146
  md5: 0f6bf5f39b2301a165389e3624f0c297
  depends:
  - libblas 3.9.0 34_h7f60823_openblas
  constrains:
  - liblapacke 3.9.0   34*_openblas
  - liblapack  3.9.0   34*_openblas
  - blas 2.134   openblas
  license: BSD-3-Clause
  license_family: BSD
  size: 19518
  timestamp: 1754678655239
- conda: https://conda.anaconda.org/conda-forge/osx-64/libcxx-20.1.8-h3d58e20_1.conda
  sha256: 9643d6c5a94499cddb5ae1bccc4f78aef8cfd77bcf6b37ad325bc7232a8a870f
  md5: d2db320b940047515f7a27f870984fe7
  depends:
  - __osx >=10.13
  license: Apache-2.0 WITH LLVM-exception
  license_family: Apache
  size: 564830
  timestamp: 1752814841086
- conda: https://conda.anaconda.org/conda-forge/osx-64/libexpat-2.7.1-h21dd04a_0.conda
  sha256: 689862313571b62ee77ee01729dc093f2bf25a2f99415fcfe51d3a6cd31cce7b
  md5: 9fdeae0b7edda62e989557d645769515
  depends:
  - __osx >=10.13
  constrains:
  - expat 2.7.1.*
  license: MIT
  license_family: MIT
  size: 72450
  timestamp: 1752719744781
- conda: https://conda.anaconda.org/conda-forge/osx-64/libffi-3.4.6-h281671d_1.conda
  sha256: 6394b1bc67c64a21a5cc73d1736d1d4193a64515152e861785c44d2cfc49edf3
  md5: 4ca9ea59839a9ca8df84170fab4ceb41
  depends:
  - __osx >=10.13
  license: MIT
  license_family: MIT
  size: 51216
  timestamp: 1743434595269
- conda: https://conda.anaconda.org/conda-forge/osx-64/libgfortran-15.1.0-h5f6db21_0.conda
  sha256: 10efd2a1e18641dfcb57bdc14aaebabe9b24020cf1a5d9d2ec8d7cd9b2352583
  md5: bca8f1344f0b6e3002a600f4379f8f2f
  depends:
  - libgfortran5 15.1.0 hfa3c126_0
  license: GPL-3.0-only WITH GCC-exception-3.1
  license_family: GPL
  size: 134053
  timestamp: 1750181840950
- conda: https://conda.anaconda.org/conda-forge/osx-64/libgfortran5-15.1.0-hfa3c126_0.conda
  sha256: b8e892f5b96d839f7bf6de267329c145160b1f33d399b053d8602085fdbf26b2
  md5: c97d2a80518051c0e88089c51405906b
  depends:
  - llvm-openmp >=8.0.0
  constrains:
  - libgfortran 15.1.0
  license: GPL-3.0-only WITH GCC-exception-3.1
  license_family: GPL
  size: 1226396
  timestamp: 1750181111194
- conda: https://conda.anaconda.org/conda-forge/osx-64/liblapack-3.9.0-34_h236ab99_openblas.conda
  build_number: 34
  sha256: 6ecbd5c2b39e40766935c8311238cfbfcf7ca43b5eafc9bb5f883d59c705981e
  md5: 8ddbc2de70c2fedfb4cfbcb8d5562ac8
  depends:
  - libblas 3.9.0 34_h7f60823_openblas
  constrains:
  - liblapacke 3.9.0   34*_openblas
  - blas 2.134   openblas
  - libcblas   3.9.0   34*_openblas
  license: BSD-3-Clause
  license_family: BSD
  size: 19548
  timestamp: 1754678665504
- conda: https://conda.anaconda.org/conda-forge/osx-64/liblzma-5.8.1-hd471939_2.conda
  sha256: 7e22fd1bdb8bf4c2be93de2d4e718db5c548aa082af47a7430eb23192de6bb36
  md5: 8468beea04b9065b9807fc8b9cdc5894
  depends:
  - __osx >=10.13
  constrains:
  - xz 5.8.1.*
  license: 0BSD
  size: 104826
  timestamp: 1749230155443
- conda: https://conda.anaconda.org/conda-forge/osx-64/libopenblas-0.3.30-openmp_h83c2472_1.conda
  sha256: 4e5fbf58105606c1cf77e2dda8ffca9e344c890353fe3e5d63211277dbba266e
  md5: 1719f55187f999004d1a69c43b50e9da
  depends:
  - __osx >=10.13
  - libgfortran
  - libgfortran5 >=14.3.0
  - llvm-openmp >=19.1.7
  constrains:
  - openblas >=0.3.30,<0.3.31.0a0
  license: BSD-3-Clause
  license_family: BSD
  size: 6261418
  timestamp: 1753406214733
- conda: https://conda.anaconda.org/conda-forge/osx-64/libsqlite-3.50.4-h39a8b3b_0.conda
  sha256: 466366b094c3eb4b1d77320530cbf5400e7a10ab33e4824c200147488eebf7a6
  md5: 156bfb239b6a67ab4a01110e6718cbc4
  depends:
  - __osx >=10.13
  - libzlib >=1.3.1,<2.0a0
  license: blessing
  size: 980121
  timestamp: 1753948554003
- conda: https://conda.anaconda.org/conda-forge/osx-64/libzlib-1.3.1-hd23fc13_2.conda
  sha256: 8412f96504fc5993a63edf1e211d042a1fd5b1d51dedec755d2058948fcced09
  md5: 003a54a4e32b02f7355b50a837e699da
  depends:
  - __osx >=10.13
  constrains:
  - zlib 1.3.1 *_2
  license: Zlib
  license_family: Other
  size: 57133
  timestamp: 1727963183990
- conda: https://conda.anaconda.org/conda-forge/osx-64/llvm-openmp-20.1.8-hf4e0ed4_1.conda
  sha256: 881975b8e13fb65d5e3d1cd7dd574581082af10c675c27c342e317c03ddfeaac
  md5: 55ae491cc02d64a55b75ffae04d7369b
  depends:
  - __osx >=10.13
  constrains:
  - intel-openmp <0.0a0
  - openmp 20.1.8|20.1.8.*
  license: Apache-2.0 WITH LLVM-exception
  license_family: APACHE
  size: 307933
  timestamp: 1753978812327
- conda: https://conda.anaconda.org/conda-forge/osx-64/ncurses-6.5-h0622a9a_3.conda
  sha256: ea4a5d27ded18443749aefa49dc79f6356da8506d508b5296f60b8d51e0c4bd9
  md5: ced34dd9929f491ca6dab6a2927aff25
  depends:
  - __osx >=10.13
  license: X11 AND BSD-3-Clause
  size: 822259
  timestamp: 1738196181298
- conda: https://conda.anaconda.org/conda-forge/osx-64/numpy-2.3.2-py312hda18a35_0.conda
  sha256: 911e18e2f26946dfe49786186ea27b855dc6e70702b621c395ba67caa583d396
  md5: 0349ca0107bd6613fa305d0b3a08e23a
  depends:
  - python
  - __osx >=10.13
  - libcxx >=19
  - python_abi 3.12.* *_cp312
  - libcblas >=3.9.0,<4.0a0
  - liblapack >=3.9.0,<4.0a0
  - libblas >=3.9.0,<4.0a0
  constrains:
  - numpy-base <0a0
  license: BSD-3-Clause
  license_family: BSD
  size: 7944998
  timestamp: 1753401533366
- conda: https://conda.anaconda.org/conda-forge/osx-64/openssl-3.5.2-h6e31bce_0.conda
  sha256: 8be57a11019666aa481122c54e29afd604405b481330f37f918e9fbcd145ef89
  md5: 22f5d63e672b7ba467969e9f8b740ecd
  depends:
  - __osx >=10.13
  - ca-certificates
  license: Apache-2.0
  license_family: Apache
  size: 2743708
  timestamp: 1754466962243
- conda: https://conda.anaconda.org/conda-forge/osx-64/perl-5.26.2-hbcb3906_1008.tar.bz2
  sha256: c90834a11a90edb7e09aef265c0556b8549060c1e65c160a44346e9d37e428f8
  md5: 6beb52b2725bab4b0d757a1119a2d7bb
  license: Perl Artistic
  license_family: Other
  size: 14944981
  timestamp: 1603925824212
- conda: https://conda.anaconda.org/bioconda/noarch/pyjaspar-3.0.0-pyhdfd78af_0.tar.bz2
  sha256: 306ed9dd1ecf67c3fd81378f483f68e0bd4520a674f2fdf0ed51773d587f218b
  md5: 79ca8cd24762cdbeca1524c78efa4181
  depends:
  - biopython
  - python >=3.6
  license: GPL-3.0-or-later
  license_family: GPL3
  size: 41634792
  timestamp: 1695761794442
- conda: https://conda.anaconda.org/conda-forge/osx-64/python-3.12.11-h9ccd52b_0_cpython.conda
  sha256: ebda5b5e8e25976013fdd81b5ba253705b076741d02bdc8ab32763f2afb2c81b
  md5: 06049132ecd09d0c1dc3d54d93cf1d5d
  depends:
  - __osx >=10.13
  - bzip2 >=1.0.8,<2.0a0
  - libexpat >=2.7.0,<3.0a0
  - libffi >=3.4.6,<3.5.0a0
  - liblzma >=5.8.1,<6.0a0
  - libsqlite >=3.50.0,<4.0a0
  - libzlib >=1.3.1,<2.0a0
  - ncurses >=6.5,<7.0a0
  - openssl >=3.5.0,<4.0a0
  - readline >=8.2,<9.0a0
  - tk >=8.6.13,<8.7.0a0
  - tzdata
  constrains:
  - python_abi 3.12.* *_cp312
  license: Python-2.0
  size: 13571569
  timestamp: 1749049058713
- conda: https://conda.anaconda.org/conda-forge/noarch/python_abi-3.12-8_cp312.conda
  build_number: 8
  sha256: 80677180dd3c22deb7426ca89d6203f1c7f1f256f2d5a94dc210f6e758229809
  md5: c3efd25ac4d74b1584d2f7a57195ddf1
  constrains:
  - python 3.12.* *_cpython
  license: BSD-3-Clause
  license_family: BSD
  size: 6958
  timestamp: 1752805918820
- conda: https://conda.anaconda.org/conda-forge/osx-64/readline-8.2-h7cca4af_2.conda
  sha256: 53017e80453c4c1d97aaf78369040418dea14cf8f46a2fa999f31bd70b36c877
  md5: 342570f8e02f2f022147a7f841475784
  depends:
  - ncurses >=6.5,<7.0a0
  license: GPL-3.0-only
  license_family: GPL
  size: 256712
  timestamp: 1740379577668
- conda: https://conda.anaconda.org/conda-forge/osx-64/tk-8.6.13-hf689a15_2.conda
  sha256: b24468006a96b71a5f4372205ea7ec4b399b0f2a543541e86f883de54cd623fc
  md5: 9864891a6946c2fe037c02fca7392ab4
  depends:
  - __osx >=10.13
  - libzlib >=1.3.1,<2.0a0
  license: TCL
  license_family: BSD
  size: 3259809
  timestamp: 1748387843735
- conda: https://conda.anaconda.org/conda-forge/noarch/tzdata-2025b-h78e105d_0.conda
  sha256: 5aaa366385d716557e365f0a4e9c3fca43ba196872abbbe3d56bb610d131e192
  md5: 4222072737ccff51314b5ece9c7d6f5a
  license: LicenseRef-Public-Domain
  size: 122968
  timestamp: 1742727099393
